// !$*UTF8*$!
{
	archiveVersion = 1;
	classes = {
	};
	objectVersion = 56;
	objects = {

/* Begin PBXBuildFile section */
		09BB53EF2D3CCB5B00AD56DC /* binboleApp.swift in Sources */ = {isa = PBXBuildFile; fileRef = 09BB53EE2D3CCB5B00AD56DC /* binboleApp.swift */; };
		09BB53F12D3CCB5B00AD56DC /* ContentView.swift in Sources */ = {isa = PBXBuildFile; fileRef = 09BB53F02D3CCB5B00AD56DC /* ContentView.swift */; };
		09BB53F32D3CCB5C00AD56DC /* Assets.xcassets in Resources */ = {isa = PBXBuildFile; fileRef = 09BB53F22D3CCB5C00AD56DC /* Assets.xcassets */; };
		09BB53F62D3CCB5C00AD56DC /* Preview Assets.xcassets in Resources */ = {isa = PBXBuildFile; fileRef = 09BB53F52D3CCB5C00AD56DC /* Preview Assets.xcassets */; };
		09BB53FF2D3CCCF000AD56DC /* HotKey in Frameworks */ = {isa = PBXBuildFile; productRef = 09BB53FE2D3CCCF000AD56DC /* HotKey */; };
		09BB54012D3CD7AF00AD56DC /* ClipboardManager.swift in Sources */ = {isa = PBXBuildFile; fileRef = 09BB54002D3CD7AF00AD56DC /* ClipboardManager.swift */; };
/* End PBXBuildFile section */

/* Begin PBXFileReference section */
		09BB53EB2D3CCB5B00AD56DC /* binbole.app */ = {isa = PBXFileReference; explicitFileType = wrapper.application; includeInIndex = 0; path = binbole.app; sourceTree = BUILT_PRODUCTS_DIR; };
		09BB53EE2D3CCB5B00AD56DC /* binboleApp.swift */ = {isa = PBXFileReference; lastKnownFileType = sourcecode.swift; path = binboleApp.swift; sourceTree = "<group>"; };
		09BB53F02D3CCB5B00AD56DC /* ContentView.swift */ = {isa = PBXFileReference; lastKnownFileType = sourcecode.swift; path = ContentView.swift; sourceTree = "<group>"; };
		09BB53F22D3CCB5C00AD56DC /* Assets.xcassets */ = {isa = PBXFileReference; lastKnownFileType = folder.assetcatalog; path = Assets.xcassets; sourceTree = "<group>"; };
		09BB53F52D3CCB5C00AD56DC /* Preview Assets.xcassets */ = {isa = PBXFileReference; lastKnownFileType = folder.assetcatalog; path = "Preview Assets.xcassets"; sourceTree = "<group>"; };
		09BB53F72D3CCB5C00AD56DC /* binbole.entitlements */ = {isa = PBXFileReference; lastKnownFileType = text.plist.entitlements; path = binbole.entitlements; sourceTree = "<group>"; };
		09BB54002D3CD7AF00AD56DC /* ClipboardManager.swift */ = {isa = PBXFileReference; lastKnownFileType = sourcecode.swift; path = ClipboardManager.swift; sourceTree = "<group>"; };
/* End PBXFileReference section */

/* Begin PBXFrameworksBuildPhase section */
		09BB53E82D3CCB5B00AD56DC /* Frameworks */ = {
			isa = PBXFrameworksBuildPhase;
			buildActionMask = 2147483647;
			files = (
				09BB53FF2D3CCCF000AD56DC /* HotKey in Frameworks */,
			);
			runOnlyForDeploymentPostprocessing = 0;
		};
/* End PBXFrameworksBuildPhase section */

/* Begin PBXGroup section */
		09BB53E22D3CCB5B00AD56DC = {
			isa = PBXGroup;
			children = (
				09BB53ED2D3CCB5B00AD56DC /* binbole */,
				09BB53EC2D3CCB5B00AD56DC /* Products */,
			);
			sourceTree = "<group>";
		};
		09BB53EC2D3CCB5B00AD56DC /* Products */ = {
			isa = PBXGroup;
			children = (
				09BB53EB2D3CCB5B00AD56DC /* binbole.app */,
			);
			name = Products;
			sourceTree = "<group>";
		};
		09BB53ED2D3CCB5B00AD56DC /* binbole */ = {
			isa = PBXGroup;
			children = (
				09BB53EE2D3CCB5B00AD56DC /* binboleApp.swift */,
				09BB53F02D3CCB5B00AD56DC /* ContentView.swift */,
				09BB53F22D3CCB5C00AD56DC /* Assets.xcassets */,
				09BB53F72D3CCB5C00AD56DC /* binbole.entitlements */,
				09BB53F42D3CCB5C00AD56DC /* Preview Content */,
				09BB54002D3CD7AF00AD56DC /* ClipboardManager.swift */,
			);
			path = binbole;
			sourceTree = "<group>";
		};
		09BB53F42D3CCB5C00AD56DC /* Preview Content */ = {
			isa = PBXGroup;
			children = (
				09BB53F52D3CCB5C00AD56DC /* Preview Assets.xcassets */,
			);
			path = "Preview Content";
			sourceTree = "<group>";
		};
/* End PBXGroup section */

/* Begin PBXNativeTarget section */
		09BB53EA2D3CCB5B00AD56DC /* binbole */ = {
			isa = PBXNativeTarget;
			buildConfigurationList = 09BB53FA2D3CCB5C00AD56DC /* Build configuration list for PBXNativeTarget "binbole" */;
			buildPhases = (
				09BB53E72D3CCB5B00AD56DC /* Sources */,
				09BB53E82D3CCB5B00AD56DC /* Frameworks */,
				09BB53E92D3CCB5B00AD56DC /* Resources */,
			);
			buildRules = (
			);
			dependencies = (
			);
			name = binbole;
			packageProductDependencies = (
				09BB53FE2D3CCCF000AD56DC /* HotKey */,
			);
			productName = binbole;
			productReference = 09BB53EB2D3CCB5B00AD56DC /* binbole.app */;
			productType = "com.apple.product-type.application";
		};
/* End PBXNativeTarget section */

/* Begin PBXProject section */
		09BB53E32D3CCB5B00AD56DC /* Project object */ = {
			isa = PBXProject;
			attributes = {
				BuildIndependentTargetsInParallel = 1;
				LastSwiftUpdateCheck = 1540;
				LastUpgradeCheck = 1540;
				TargetAttributes = {
					09BB53EA2D3CCB5B00AD56DC = {
						CreatedOnToolsVersion = 15.4;
					};
				};
			};
			buildConfigurationList = 09BB53E62D3CCB5B00AD56DC /* Build configuration list for PBXProject "binbole" */;
			compatibilityVersion = "Xcode 14.0";
			developmentRegion = en;
			hasScannedForEncodings = 0;
			knownRegions = (
				en,
				Base,
			);
			mainGroup = 09BB53E22D3CCB5B00AD56DC;
			packageReferences = (
				09BB53FD2D3CCCF000AD56DC /* XCRemoteSwiftPackageReference "HotKey" */,
			);
			productRefGroup = 09BB53EC2D3CCB5B00AD56DC /* Products */;
			projectDirPath = "";
			projectRoot = "";
			targets = (
				09BB53EA2D3CCB5B00AD56DC /* binbole */,
			);
		};
/* End PBXProject section */

/* Begin PBXResourcesBuildPhase section */
		09BB53E92D3CCB5B00AD56DC /* Resources */ = {
			isa = PBXResourcesBuildPhase;
			buildActionMask = 2147483647;
			files = (
				09BB53F62D3CCB5C00AD56DC /* Preview Assets.xcassets in Resources */,
				09BB53F32D3CCB5C00AD56DC /* Assets.xcassets in Resources */,
			);
			runOnlyForDeploymentPostprocessing = 0;
		};
/* End PBXResourcesBuildPhase section */

/* Begin PBXSourcesBuildPhase section */
		09BB53E72D3CCB5B00AD56DC /* Sources */ = {
			isa = PBXSourcesBuildPhase;
			buildActionMask = 2147483647;
			files = (
				09BB53F12D3CCB5B00AD56DC /* ContentView.swift in Sources */,
				09BB54012D3CD7AF00AD56DC /* ClipboardManager.swift in Sources */,
				09BB53EF2D3CCB5B00AD56DC /* binboleApp.swift in Sources */,
			);
			runOnlyForDeploymentPostprocessing = 0;
		};
/* End PBXSourcesBuildPhase section */

/* Begin XCBuildConfiguration section */
		09BB53F82D3CCB5C00AD56DC /* Debug */ = {
			isa = XCBuildConfiguration;
			buildSettings = {
				ALWAYS_SEARCH_USER_PATHS = NO;
				ASSETCATALOG_COMPILER_GENERATE_SWIFT_ASSET_SYMBOL_EXTENSIONS = YES;
				CLANG_ANALYZER_NONNULL = YES;
				CLANG_ANALYZER_NUMBER_OBJECT_CONVERSION = YES_AGGRESSIVE;
				CLANG_CXX_LANGUAGE_STANDARD = "gnu++20";
				CLANG_ENABLE_MODULES = YES;
				CLANG_ENABLE_OBJC_ARC = YES;
				CLANG_ENABLE_OBJC_WEAK = YES;
				CLANG_WARN_BLOCK_CAPTURE_AUTORELEASING = YES;
				CLANG_WARN_BOOL_CONVERSION = YES;
				CLANG_WARN_COMMA = YES;
				CLANG_WARN_CONSTANT_CONVERSION = YES;
				CLANG_WARN_DEPRECATED_OBJC_IMPLEMENTATIONS = YES;
				CLANG_WARN_DIRECT_OBJC_ISA_USAGE = YES_ERROR;
				CLANG_WARN_DOCUMENTATION_COMMENTS = YES;
				CLANG_WARN_EMPTY_BODY = YES;
				CLANG_WARN_ENUM_CONVERSION = YES;
				CLANG_WARN_INFINITE_RECURSION = YES;
				CLANG_WARN_INT_CONVERSION = YES;
				CLANG_WARN_NON_LITERAL_NULL_CONVERSION = YES;
				CLANG_WARN_OBJC_IMPLICIT_RETAIN_SELF = YES;
				CLANG_WARN_OBJC_LITERAL_CONVERSION = YES;
				CLANG_WARN_OBJC_ROOT_CLASS = YES_ERROR;
				CLANG_WARN_QUOTED_INCLUDE_IN_FRAMEWORK_HEADER = YES;
				CLANG_WARN_RANGE_LOOP_ANALYSIS = YES;
				CLANG_WARN_STRICT_PROTOTYPES = YES;
				CLANG_WARN_SUSPICIOUS_MOVE = YES;
				CLANG_WARN_UNGUARDED_AVAILABILITY = YES_AGGRESSIVE;
				CLANG_WARN_UNREACHABLE_CODE = YES;
				CLANG_WARN__DUPLICATE_METHOD_MATCH = YES;
				COPY_PHASE_STRIP = NO;
				DEBUG_INFORMATION_FORMAT = dwarf;
				ENABLE_STRICT_OBJC_MSGSEND = YES;
				ENABLE_TESTABILITY = YES;
				ENABLE_USER_SCRIPT_SANDBOXING = YES;
				GCC_C_LANGUAGE_STANDARD = gnu17;
				GCC_DYNAMIC_NO_PIC = NO;
				GCC_NO_COMMON_BLOCKS = YES;
				GCC_OPTIMIZATION_LEVEL = 0;
				GCC_PREPROCESSOR_DEFINITIONS = (
					"DEBUG=1",
					"$(inherited)",
				);
				GCC_WARN_64_TO_32_BIT_CONVERSION = YES;
				GCC_WARN_ABOUT_RETURN_TYPE = YES_ERROR;
				GCC_WARN_UNDECLARED_SELECTOR = YES;
				GCC_WARN_UNINITIALIZED_AUTOS = YES_AGGRESSIVE;
				GCC_WARN_UNUSED_FUNCTION = YES;
				GCC_WARN_UNUSED_VARIABLE = YES;
				INFOPLIST_KEY_LSUIElement = YES;
				LOCALIZATION_PREFERS_STRING_CATALOGS = YES;
				MACOSX_DEPLOYMENT_TARGET = 14.0;
				MTL_ENABLE_DEBUG_INFO = INCLUDE_SOURCE;
				MTL_FAST_MATH = YES;
				ONLY_ACTIVE_ARCH = YES;
				SDKROOT = macosx;
				SWIFT_ACTIVE_COMPILATION_CONDITIONS = "DEBUG $(inherited)";
				SWIFT_OPTIMIZATION_LEVEL = "-Onone";
			};
			name = Debug;
		};
		09BB53F92D3CCB5C00AD56DC /* Release */ = {
			isa = XCBuildConfiguration;
			buildSettings = {
				ALWAYS_SEARCH_USER_PATHS = NO;
				ASSETCATALOG_COMPILER_GENERATE_SWIFT_ASSET_SYMBOL_EXTENSIONS = YES;
				CLANG_ANALYZER_NONNULL = YES;
				CLANG_ANALYZER_NUMBER_OBJECT_CONVERSION = YES_AGGRESSIVE;
				CLANG_CXX_LANGUAGE_STANDARD = "gnu++20";
				CLANG_ENABLE_MODULES = YES;
				CLANG_ENABLE_OBJC_ARC = YES;
				CLANG_ENABLE_OBJC_WEAK = YES;
				CLANG_WARN_BLOCK_CAPTURE_AUTORELEASING = YES;
				CLANG_WARN_BOOL_CONVERSION = YES;
				CLANG_WARN_COMMA = YES;
				CLANG_WARN_CONSTANT_CONVERSION = YES;
				CLANG_WARN_DEPRECATED_OBJC_IMPLEMENTATIONS = YES;
				CLANG_WARN_DIRECT_OBJC_ISA_USAGE = YES_ERROR;
				CLANG_WARN_DOCUMENTATION_COMMENTS = YES;
				CLANG_WARN_EMPTY_BODY = YES;
				CLANG_WARN_ENUM_CONVERSION = YES;
				CLANG_WARN_INFINITE_RECURSION = YES;
				CLANG_WARN_INT_CONVERSION = YES;
				CLANG_WARN_NON_LITERAL_NULL_CONVERSION = YES;
				CLANG_WARN_OBJC_IMPLICIT_RETAIN_SELF = YES;
				CLANG_WARN_OBJC_LITERAL_CONVERSION = YES;
				CLANG_WARN_OBJC_ROOT_CLASS = YES_ERROR;
				CLANG_WARN_QUOTED_INCLUDE_IN_FRAMEWORK_HEADER = YES;
				CLANG_WARN_RANGE_LOOP_ANALYSIS = YES;
				CLANG_WARN_STRICT_PROTOTYPES = YES;
				CLANG_WARN_SUSPICIOUS_MOVE = YES;
				CLANG_WARN_UNGUARDED_AVAILABILITY = YES_AGGRESSIVE;
				CLANG_WARN_UNREACHABLE_CODE = YES;
				CLANG_WARN__DUPLICATE_METHOD_MATCH = YES;
				COPY_PHASE_STRIP = NO;
				DEBUG_INFORMATION_FORMAT = "dwarf-with-dsym";
				ENABLE_NS_ASSERTIONS = NO;
				ENABLE_STRICT_OBJC_MSGSEND = YES;
				ENABLE_USER_SCRIPT_SANDBOXING = YES;
				GCC_C_LANGUAGE_STANDARD = gnu17;
				GCC_NO_COMMON_BLOCKS = YES;
				GCC_WARN_64_TO_32_BIT_CONVERSION = YES;
				GCC_WARN_ABOUT_RETURN_TYPE = YES_ERROR;
				GCC_WARN_UNDECLARED_SELECTOR = YES;
				GCC_WARN_UNINITIALIZED_AUTOS = YES_AGGRESSIVE;
				GCC_WARN_UNUSED_FUNCTION = YES;
				GCC_WARN_UNUSED_VARIABLE = YES;
				INFOPLIST_KEY_LSUIElement = YES;
				LOCALIZATION_PREFERS_STRING_CATALOGS = YES;
				MACOSX_DEPLOYMENT_TARGET = 14.0;
				MTL_ENABLE_DEBUG_INFO = NO;
				MTL_FAST_MATH = YES;
				SDKROOT = macosx;
				SWIFT_COMPILATION_MODE = wholemodule;
			};
			name = Release;
		};
		09BB53FB2D3CCB5C00AD56DC /* Debug */ = {
			isa = XCBuildConfiguration;
			buildSettings = {
				ASSETCATALOG_COMPILER_APPICON_NAME = AppIcon;
				ASSETCATALOG_COMPILER_GLOBAL_ACCENT_COLOR_NAME = AccentColor;
				CODE_SIGN_ENTITLEMENTS = binbole/binbole.entitlements;
				CODE_SIGN_STYLE = Automatic;
				COMBINE_HIDPI_IMAGES = YES;
				CURRENT_PROJECT_VERSION = 1;
				DEVELOPMENT_ASSET_PATHS = "\"binbole/Preview Content\"";
				ENABLE_PREVIEWS = YES;
				GENERATE_INFOPLIST_FILE = YES;
				INFOPLIST_KEY_LSUIElement = NO;
				INFOPLIST_KEY_NSHumanReadableCopyright = "";
				LD_RUNPATH_SEARCH_PATHS = (
					"$(inherited)",
					"@executable_path/../Frameworks",
				);
				MARKETING_VERSION = 1.0;
				PRODUCT_BUNDLE_IDENTIFIER = none.binbole;
				PRODUCT_NAME = "$(TARGET_NAME)";
				SWIFT_EMIT_LOC_STRINGS = YES;
				SWIFT_VERSION = 5.0;
			};
			name = Debug;
		};
		09BB53FC2D3CCB5C00AD56DC /* Release */ = {
			isa = XCBuildConfiguration;
			buildSettings = {
				ASSETCATALOG_COMPILER_APPICON_NAME = AppIcon;
				ASSETCATALOG_COMPILER_GLOBAL_ACCENT_COLOR_NAME = AccentColor;
				CODE_SIGN_ENTITLEMENTS = binbole/binbole.entitlements;
				CODE_SIGN_STYLE = Automatic;
				COMBINE_HIDPI_IMAGES = YES;
				CURRENT_PROJECT_VERSION = 1;
				DEVELOPMENT_ASSET_PATHS = "\"binbole/Preview Content\"";
				ENABLE_PREVIEWS = YES;
				GENERATE_INFOPLIST_FILE = YES;
				INFOPLIST_KEY_LSUIElement = NO;
				INFOPLIST_KEY_NSHumanReadableCopyright = "";
				LD_RUNPATH_SEARCH_PATHS = (
					"$(inherited)",
					"@executable_path/../Frameworks",
				);
				MARKETING_VERSION = 1.0;
				PRODUCT_BUNDLE_IDENTIFIER = none.binbole;
				PRODUCT_NAME = "$(TARGET_NAME)";
				SWIFT_EMIT_LOC_STRINGS = YES;
				SWIFT_VERSION = 5.0;
			};
			name = Release;
		};
/* End XCBuildConfiguration section */

/* Begin XCConfigurationList section */
		09BB53E62D3CCB5B00AD56DC /* Build configuration list for PBXProject "binbole" */ = {
			isa = XCConfigurationList;
			buildConfigurations = (
				09BB53F82D3CCB5C00AD56DC /* Debug */,
				09BB53F92D3CCB5C00AD56DC /* Release */,
			);
			defaultConfigurationIsVisible = 0;
			defaultConfigurationName = Release;
		};
		09BB53FA2D3CCB5C00AD56DC /* Build configuration list for PBXNativeTarget "binbole" */ = {
			isa = XCConfigurationList;
			buildConfigurations = (
				09BB53FB2D3CCB5C00AD56DC /* Debug */,
				09BB53FC2D3CCB5C00AD56DC /* Release */,
			);
			defaultConfigurationIsVisible = 0;
			defaultConfigurationName = Release;
		};
/* End XCConfigurationList section */

/* Begin XCRemoteSwiftPackageReference section */
		09BB53FD2D3CCCF000AD56DC /* XCRemoteSwiftPackageReference "HotKey" */ = {
			isa = XCRemoteSwiftPackageReference;
			repositoryURL = "https://github.com/soffes/HotKey";
			requirement = {
				branch = main;
				kind = branch;
			};
		};
/* End XCRemoteSwiftPackageReference section */

/* Begin XCSwiftPackageProductDependency section */
		09BB53FE2D3CCCF000AD56DC /* HotKey */ = {
			isa = XCSwiftPackageProductDependency;
			package = 09BB53FD2D3CCCF000AD56DC /* XCRemoteSwiftPackageReference "HotKey" */;
			productName = HotKey;
		};
/* End XCSwiftPackageProductDependency section */
	};
	rootObject = 09BB53E32D3CCB5B00AD56DC /* Project object */;
}
